// !$*UTF8*$!
{
	archiveVersion = 1;
	classes = {
	};
	objectVersion = 56;
	objects = {

/* Begin PBXBuildFile section */
		5285B7412B4F4ECC006FA29E /* DataModel.swift in Sources */ = {isa = PBXBuildFile; fileRef = 5285B7402B4F4ECC006FA29E /* DataModel.swift */; };
		5285B7452B4F4ECD006FA29E /* Assets.xcassets in Resources */ = {isa = PBXBuildFile; fileRef = 5285B7442B4F4ECD006FA29E /* Assets.xcassets */; };
		5285B7482B4F4ECD006FA29E /* Preview Assets.xcassets in Resources */ = {isa = PBXBuildFile; fileRef = 5285B7472B4F4ECD006FA29E /* Preview Assets.xcassets */; };
		5285B74D2B4F4ECD006FA29E /* Test_driven_app.xcdatamodeld in Sources */ = {isa = PBXBuildFile; fileRef = 5285B74B2B4F4ECD006FA29E /* Test_driven_app.xcdatamodeld */; };
		5285B7572B4F4ECD006FA29E /* Test_driven_appTests.swift in Sources */ = {isa = PBXBuildFile; fileRef = 5285B7562B4F4ECD006FA29E /* Test_driven_appTests.swift */; };
		5285B7612B4F4ECD006FA29E /* Test_driven_appUITests.swift in Sources */ = {isa = PBXBuildFile; fileRef = 5285B7602B4F4ECD006FA29E /* Test_driven_appUITests.swift */; };
		5285B7632B4F4ECD006FA29E /* Test_driven_appUITestsLaunchTests.swift in Sources */ = {isa = PBXBuildFile; fileRef = 5285B7622B4F4ECD006FA29E /* Test_driven_appUITestsLaunchTests.swift */; };
		5285B7702B4F5A4E006FA29E /* Main.storyboard in Resources */ = {isa = PBXBuildFile; fileRef = 5285B76F2B4F5A4E006FA29E /* Main.storyboard */; };
/* End PBXBuildFile section */

/* Begin PBXContainerItemProxy section */
		5285B7532B4F4ECD006FA29E /* PBXContainerItemProxy */ = {
			isa = PBXContainerItemProxy;
			containerPortal = 5285B7352B4F4ECB006FA29E /* Project object */;
			proxyType = 1;
			remoteGlobalIDString = 5285B73C2B4F4ECC006FA29E;
			remoteInfo = "Test-driven-app";
		};
		5285B75D2B4F4ECD006FA29E /* PBXContainerItemProxy */ = {
			isa = PBXContainerItemProxy;
			containerPortal = 5285B7352B4F4ECB006FA29E /* Project object */;
			proxyType = 1;
			remoteGlobalIDString = 5285B73C2B4F4ECC006FA29E;
			remoteInfo = "Test-driven-app";
		};
/* End PBXContainerItemProxy section */

/* Begin PBXFileReference section */
		5285B73D2B4F4ECC006FA29E /* Test-driven-app.app */ = {isa = PBXFileReference; explicitFileType = wrapper.application; includeInIndex = 0; path = "Test-driven-app.app"; sourceTree = BUILT_PRODUCTS_DIR; };
		5285B7402B4F4ECC006FA29E /* DataModel.swift */ = {isa = PBXFileReference; lastKnownFileType = sourcecode.swift; path = DataModel.swift; sourceTree = "<group>"; };
		5285B7442B4F4ECD006FA29E /* Assets.xcassets */ = {isa = PBXFileReference; lastKnownFileType = folder.assetcatalog; path = Assets.xcassets; sourceTree = "<group>"; };
		5285B7472B4F4ECD006FA29E /* Preview Assets.xcassets */ = {isa = PBXFileReference; lastKnownFileType = folder.assetcatalog; path = "Preview Assets.xcassets"; sourceTree = "<group>"; };
		5285B74C2B4F4ECD006FA29E /* Test_driven_app.xcdatamodel */ = {isa = PBXFileReference; lastKnownFileType = wrapper.xcdatamodel; path = Test_driven_app.xcdatamodel; sourceTree = "<group>"; };
		5285B7522B4F4ECD006FA29E /* Test-driven-appTests.xctest */ = {isa = PBXFileReference; explicitFileType = wrapper.cfbundle; includeInIndex = 0; path = "Test-driven-appTests.xctest"; sourceTree = BUILT_PRODUCTS_DIR; };
		5285B7562B4F4ECD006FA29E /* Test_driven_appTests.swift */ = {isa = PBXFileReference; lastKnownFileType = sourcecode.swift; path = Test_driven_appTests.swift; sourceTree = "<group>"; };
		5285B75C2B4F4ECD006FA29E /* Test-driven-appUITests.xctest */ = {isa = PBXFileReference; explicitFileType = wrapper.cfbundle; includeInIndex = 0; path = "Test-driven-appUITests.xctest"; sourceTree = BUILT_PRODUCTS_DIR; };
		5285B7602B4F4ECD006FA29E /* Test_driven_appUITests.swift */ = {isa = PBXFileReference; lastKnownFileType = sourcecode.swift; path = Test_driven_appUITests.swift; sourceTree = "<group>"; };
		5285B7622B4F4ECD006FA29E /* Test_driven_appUITestsLaunchTests.swift */ = {isa = PBXFileReference; lastKnownFileType = sourcecode.swift; path = Test_driven_appUITestsLaunchTests.swift; sourceTree = "<group>"; };
		5285B76F2B4F5A4E006FA29E /* Main.storyboard */ = {isa = PBXFileReference; lastKnownFileType = file.storyboard; path = Main.storyboard; sourceTree = "<group>"; };
/* End PBXFileReference section */

/* Begin PBXFrameworksBuildPhase section */
		5285B73A2B4F4ECC006FA29E /* Frameworks */ = {
			isa = PBXFrameworksBuildPhase;
			buildActionMask = 2147483647;
			files = (
			);
			runOnlyForDeploymentPostprocessing = 0;
		};
		5285B74F2B4F4ECD006FA29E /* Frameworks */ = {
			isa = PBXFrameworksBuildPhase;
			buildActionMask = 2147483647;
			files = (
			);
			runOnlyForDeploymentPostprocessing = 0;
		};
		5285B7592B4F4ECD006FA29E /* Frameworks */ = {
			isa = PBXFrameworksBuildPhase;
			buildActionMask = 2147483647;
			files = (
			);
			runOnlyForDeploymentPostprocessing = 0;
		};
/* End PBXFrameworksBuildPhase section */

/* Begin PBXGroup section */
		5285B7342B4F4ECB006FA29E = {
			isa = PBXGroup;
			children = (
				5285B73F2B4F4ECC006FA29E /* Test-driven-app */,
				5285B7552B4F4ECD006FA29E /* Test-driven-appTests */,
				5285B75F2B4F4ECD006FA29E /* Test-driven-appUITests */,
				5285B73E2B4F4ECC006FA29E /* Products */,
			);
			sourceTree = "<group>";
		};
		5285B73E2B4F4ECC006FA29E /* Products */ = {
			isa = PBXGroup;
			children = (
				5285B73D2B4F4ECC006FA29E /* Test-driven-app.app */,
				5285B7522B4F4ECD006FA29E /* Test-driven-appTests.xctest */,
				5285B75C2B4F4ECD006FA29E /* Test-driven-appUITests.xctest */,
			);
			name = Products;
			sourceTree = "<group>";
		};
		5285B73F2B4F4ECC006FA29E /* Test-driven-app */ = {
			isa = PBXGroup;
			children = (
				5285B7402B4F4ECC006FA29E /* DataModel.swift */,
				5285B76F2B4F5A4E006FA29E /* Main.storyboard */,
				5285B7442B4F4ECD006FA29E /* Assets.xcassets */,
				5285B74B2B4F4ECD006FA29E /* Test_driven_app.xcdatamodeld */,
				5285B7462B4F4ECD006FA29E /* Preview Content */,
			);
			path = "Test-driven-app";
			sourceTree = "<group>";
		};
		5285B7462B4F4ECD006FA29E /* Preview Content */ = {
			isa = PBXGroup;
			children = (
				5285B7472B4F4ECD006FA29E /* Preview Assets.xcassets */,
			);
			path = "Preview Content";
			sourceTree = "<group>";
		};
		5285B7552B4F4ECD006FA29E /* Test-driven-appTests */ = {
			isa = PBXGroup;
			children = (
				5285B7562B4F4ECD006FA29E /* Test_driven_appTests.swift */,
			);
			path = "Test-driven-appTests";
			sourceTree = "<group>";
		};
		5285B75F2B4F4ECD006FA29E /* Test-driven-appUITests */ = {
			isa = PBXGroup;
			children = (
				5285B7602B4F4ECD006FA29E /* Test_driven_appUITests.swift */,
				5285B7622B4F4ECD006FA29E /* Test_driven_appUITestsLaunchTests.swift */,
			);
			path = "Test-driven-appUITests";
			sourceTree = "<group>";
		};
/* End PBXGroup section */

/* Begin PBXNativeTarget section */
		5285B73C2B4F4ECC006FA29E /* Test-driven-app */ = {
			isa = PBXNativeTarget;
			buildConfigurationList = 5285B7662B4F4ECD006FA29E /* Build configuration list for PBXNativeTarget "Test-driven-app" */;
			buildPhases = (
				5285B7392B4F4ECC006FA29E /* Sources */,
				5285B73A2B4F4ECC006FA29E /* Frameworks */,
				5285B73B2B4F4ECC006FA29E /* Resources */,
			);
			buildRules = (
			);
			dependencies = (
			);
			name = "Test-driven-app";
			productName = "Test-driven-app";
			productReference = 5285B73D2B4F4ECC006FA29E /* Test-driven-app.app */;
			productType = "com.apple.product-type.application";
		};
		5285B7512B4F4ECD006FA29E /* Test-driven-appTests */ = {
			isa = PBXNativeTarget;
			buildConfigurationList = 5285B7692B4F4ECD006FA29E /* Build configuration list for PBXNativeTarget "Test-driven-appTests" */;
			buildPhases = (
				5285B74E2B4F4ECD006FA29E /* Sources */,
				5285B74F2B4F4ECD006FA29E /* Frameworks */,
				5285B7502B4F4ECD006FA29E /* Resources */,
			);
			buildRules = (
			);
			dependencies = (
				5285B7542B4F4ECD006FA29E /* PBXTargetDependency */,
			);
			name = "Test-driven-appTests";
			productName = "Test-driven-appTests";
			productReference = 5285B7522B4F4ECD006FA29E /* Test-driven-appTests.xctest */;
			productType = "com.apple.product-type.bundle.unit-test";
		};
		5285B75B2B4F4ECD006FA29E /* Test-driven-appUITests */ = {
			isa = PBXNativeTarget;
			buildConfigurationList = 5285B76C2B4F4ECD006FA29E /* Build configuration list for PBXNativeTarget "Test-driven-appUITests" */;
			buildPhases = (
				5285B7582B4F4ECD006FA29E /* Sources */,
				5285B7592B4F4ECD006FA29E /* Frameworks */,
				5285B75A2B4F4ECD006FA29E /* Resources */,
			);
			buildRules = (
			);
			dependencies = (
				5285B75E2B4F4ECD006FA29E /* PBXTargetDependency */,
			);
			name = "Test-driven-appUITests";
			productName = "Test-driven-appUITests";
			productReference = 5285B75C2B4F4ECD006FA29E /* Test-driven-appUITests.xctest */;
			productType = "com.apple.product-type.bundle.ui-testing";
		};
/* End PBXNativeTarget section */

/* Begin PBXProject section */
		5285B7352B4F4ECB006FA29E /* Project object */ = {
			isa = PBXProject;
			attributes = {
				BuildIndependentTargetsInParallel = 1;
				LastSwiftUpdateCheck = 1430;
				LastUpgradeCheck = 1430;
				TargetAttributes = {
					5285B73C2B4F4ECC006FA29E = {
						CreatedOnToolsVersion = 14.3.1;
					};
					5285B7512B4F4ECD006FA29E = {
						CreatedOnToolsVersion = 14.3.1;
						TestTargetID = 5285B73C2B4F4ECC006FA29E;
					};
					5285B75B2B4F4ECD006FA29E = {
						CreatedOnToolsVersion = 14.3.1;
						TestTargetID = 5285B73C2B4F4ECC006FA29E;
					};
				};
			};
			buildConfigurationList = 5285B7382B4F4ECB006FA29E /* Build configuration list for PBXProject "Test-driven-app" */;
			compatibilityVersion = "Xcode 14.0";
			developmentRegion = en;
			hasScannedForEncodings = 0;
			knownRegions = (
				en,
				Base,
			);
			mainGroup = 5285B7342B4F4ECB006FA29E;
			productRefGroup = 5285B73E2B4F4ECC006FA29E /* Products */;
			projectDirPath = "";
			projectRoot = "";
			targets = (
				5285B73C2B4F4ECC006FA29E /* Test-driven-app */,
				5285B7512B4F4ECD006FA29E /* Test-driven-appTests */,
				5285B75B2B4F4ECD006FA29E /* Test-driven-appUITests */,
			);
		};
/* End PBXProject section */

/* Begin PBXResourcesBuildPhase section */
		5285B73B2B4F4ECC006FA29E /* Resources */ = {
			isa = PBXResourcesBuildPhase;
			buildActionMask = 2147483647;
			files = (
				5285B7482B4F4ECD006FA29E /* Preview Assets.xcassets in Resources */,
				5285B7452B4F4ECD006FA29E /* Assets.xcassets in Resources */,
				5285B7702B4F5A4E006FA29E /* Main.storyboard in Resources */,
			);
			runOnlyForDeploymentPostprocessing = 0;
		};
		5285B7502B4F4ECD006FA29E /* Resources */ = {
			isa = PBXResourcesBuildPhase;
			buildActionMask = 2147483647;
			files = (
			);
			runOnlyForDeploymentPostprocessing = 0;
		};
		5285B75A2B4F4ECD006FA29E /* Resources */ = {
			isa = PBXResourcesBuildPhase;
			buildActionMask = 2147483647;
			files = (
			);
			runOnlyForDeploymentPostprocessing = 0;
		};
/* End PBXResourcesBuildPhase section */

/* Begin PBXSourcesBuildPhase section */
		5285B7392B4F4ECC006FA29E /* Sources */ = {
			isa = PBXSourcesBuildPhase;
			buildActionMask = 2147483647;
			files = (
				5285B7412B4F4ECC006FA29E /* DataModel.swift in Sources */,
				5285B74D2B4F4ECD006FA29E /* Test_driven_app.xcdatamodeld in Sources */,
			);
			runOnlyForDeploymentPostprocessing = 0;
		};
		5285B74E2B4F4ECD006FA29E /* Sources */ = {
			isa = PBXSourcesBuildPhase;
			buildActionMask = 2147483647;
			files = (
				5285B7572B4F4ECD006FA29E /* Test_driven_appTests.swift in Sources */,
			);
			runOnlyForDeploymentPostprocessing = 0;
		};
		5285B7582B4F4ECD006FA29E /* Sources */ = {
			isa = PBXSourcesBuildPhase;
			buildActionMask = 2147483647;
			files = (
				5285B7632B4F4ECD006FA29E /* Test_driven_appUITestsLaunchTests.swift in Sources */,
				5285B7612B4F4ECD006FA29E /* Test_driven_appUITests.swift in Sources */,
			);
			runOnlyForDeploymentPostprocessing = 0;
		};
/* End PBXSourcesBuildPhase section */

/* Begin PBXTargetDependency section */
		5285B7542B4F4ECD006FA29E /* PBXTargetDependency */ = {
			isa = PBXTargetDependency;
			target = 5285B73C2B4F4ECC006FA29E /* Test-driven-app */;
			targetProxy = 5285B7532B4F4ECD006FA29E /* PBXContainerItemProxy */;
		};
		5285B75E2B4F4ECD006FA29E /* PBXTargetDependency */ = {
			isa = PBXTargetDependency;
			target = 5285B73C2B4F4ECC006FA29E /* Test-driven-app */;
			targetProxy = 5285B75D2B4F4ECD006FA29E /* PBXContainerItemProxy */;
		};
/* End PBXTargetDependency section */

/* Begin XCBuildConfiguration section */
		5285B7642B4F4ECD006FA29E /* Debug */ = {
			isa = XCBuildConfiguration;
			buildSettings = {
				ALWAYS_SEARCH_USER_PATHS = NO;
				CLANG_ANALYZER_NONNULL = YES;
				CLANG_ANALYZER_NUMBER_OBJECT_CONVERSION = YES_AGGRESSIVE;
				CLANG_CXX_LANGUAGE_STANDARD = "gnu++20";
				CLANG_ENABLE_MODULES = YES;
				CLANG_ENABLE_OBJC_ARC = YES;
				CLANG_ENABLE_OBJC_WEAK = YES;
				CLANG_WARN_BLOCK_CAPTURE_AUTORELEASING = YES;
				CLANG_WARN_BOOL_CONVERSION = YES;
				CLANG_WARN_COMMA = YES;
				CLANG_WARN_CONSTANT_CONVERSION = YES;
				CLANG_WARN_DEPRECATED_OBJC_IMPLEMENTATIONS = YES;
				CLANG_WARN_DIRECT_OBJC_ISA_USAGE = YES_ERROR;
				CLANG_WARN_DOCUMENTATION_COMMENTS = YES;
				CLANG_WARN_EMPTY_BODY = YES;
				CLANG_WARN_ENUM_CONVERSION = YES;
				CLANG_WARN_INFINITE_RECURSION = YES;
				CLANG_WARN_INT_CONVERSION = YES;
				CLANG_WARN_NON_LITERAL_NULL_CONVERSION = YES;
				CLANG_WARN_OBJC_IMPLICIT_RETAIN_SELF = YES;
				CLANG_WARN_OBJC_LITERAL_CONVERSION = YES;
				CLANG_WARN_OBJC_ROOT_CLASS = YES_ERROR;
				CLANG_WARN_QUOTED_INCLUDE_IN_FRAMEWORK_HEADER = YES;
				CLANG_WARN_RANGE_LOOP_ANALYSIS = YES;
				CLANG_WARN_STRICT_PROTOTYPES = YES;
				CLANG_WARN_SUSPICIOUS_MOVE = YES;
				CLANG_WARN_UNGUARDED_AVAILABILITY = YES_AGGRESSIVE;
				CLANG_WARN_UNREACHABLE_CODE = YES;
				CLANG_WARN__DUPLICATE_METHOD_MATCH = YES;
				COPY_PHASE_STRIP = NO;
				DEBUG_INFORMATION_FORMAT = dwarf;
				ENABLE_STRICT_OBJC_MSGSEND = YES;
				ENABLE_TESTABILITY = YES;
				GCC_C_LANGUAGE_STANDARD = gnu11;
				GCC_DYNAMIC_NO_PIC = NO;
				GCC_NO_COMMON_BLOCKS = YES;
				GCC_OPTIMIZATION_LEVEL = 0;
				GCC_PREPROCESSOR_DEFINITIONS = (
					"DEBUG=1",
					"$(inherited)",
				);
				GCC_WARN_64_TO_32_BIT_CONVERSION = YES;
				GCC_WARN_ABOUT_RETURN_TYPE = YES_ERROR;
				GCC_WARN_UNDECLARED_SELECTOR = YES;
				GCC_WARN_UNINITIALIZED_AUTOS = YES_AGGRESSIVE;
				GCC_WARN_UNUSED_FUNCTION = YES;
				GCC_WARN_UNUSED_VARIABLE = YES;
				IPHONEOS_DEPLOYMENT_TARGET = 16.4;
				MTL_ENABLE_DEBUG_INFO = INCLUDE_SOURCE;
				MTL_FAST_MATH = YES;
				ONLY_ACTIVE_ARCH = YES;
				SDKROOT = iphoneos;
				SWIFT_ACTIVE_COMPILATION_CONDITIONS = DEBUG;
				SWIFT_OPTIMIZATION_LEVEL = "-Onone";
			};
			name = Debug;
		};
		5285B7652B4F4ECD006FA29E /* Release */ = {
			isa = XCBuildConfiguration;
			buildSettings = {
				ALWAYS_SEARCH_USER_PATHS = NO;
				CLANG_ANALYZER_NONNULL = YES;
				CLANG_ANALYZER_NUMBER_OBJECT_CONVERSION = YES_AGGRESSIVE;
				CLANG_CXX_LANGUAGE_STANDARD = "gnu++20";
				CLANG_ENABLE_MODULES = YES;
				CLANG_ENABLE_OBJC_ARC = YES;
				CLANG_ENABLE_OBJC_WEAK = YES;
				CLANG_WARN_BLOCK_CAPTURE_AUTORELEASING = YES;
				CLANG_WARN_BOOL_CONVERSION = YES;
				CLANG_WARN_COMMA = YES;
				CLANG_WARN_CONSTANT_CONVERSION = YES;
				CLANG_WARN_DEPRECATED_OBJC_IMPLEMENTATIONS = YES;
				CLANG_WARN_DIRECT_OBJC_ISA_USAGE = YES_ERROR;
				CLANG_WARN_DOCUMENTATION_COMMENTS = YES;
				CLANG_WARN_EMPTY_BODY = YES;
				CLANG_WARN_ENUM_CONVERSION = YES;
				CLANG_WARN_INFINITE_RECURSION = YES;
				CLANG_WARN_INT_CONVERSION = YES;
				CLANG_WARN_NON_LITERAL_NULL_CONVERSION = YES;
				CLANG_WARN_OBJC_IMPLICIT_RETAIN_SELF = YES;
				CLANG_WARN_OBJC_LITERAL_CONVERSION = YES;
				CLANG_WARN_OBJC_ROOT_CLASS = YES_ERROR;
				CLANG_WARN_QUOTED_INCLUDE_IN_FRAMEWORK_HEADER = YES;
				CLANG_WARN_RANGE_LOOP_ANALYSIS = YES;
				CLANG_WARN_STRICT_PROTOTYPES = YES;
				CLANG_WARN_SUSPICIOUS_MOVE = YES;
				CLANG_WARN_UNGUARDED_AVAILABILITY = YES_AGGRESSIVE;
				CLANG_WARN_UNREACHABLE_CODE = YES;
				CLANG_WARN__DUPLICATE_METHOD_MATCH = YES;
				COPY_PHASE_STRIP = NO;
				DEBUG_INFORMATION_FORMAT = "dwarf-with-dsym";
				ENABLE_NS_ASSERTIONS = NO;
				ENABLE_STRICT_OBJC_MSGSEND = YES;
				GCC_C_LANGUAGE_STANDARD = gnu11;
				GCC_NO_COMMON_BLOCKS = YES;
				GCC_WARN_64_TO_32_BIT_CONVERSION = YES;
				GCC_WARN_ABOUT_RETURN_TYPE = YES_ERROR;
				GCC_WARN_UNDECLARED_SELECTOR = YES;
				GCC_WARN_UNINITIALIZED_AUTOS = YES_AGGRESSIVE;
				GCC_WARN_UNUSED_FUNCTION = YES;
				GCC_WARN_UNUSED_VARIABLE = YES;
				IPHONEOS_DEPLOYMENT_TARGET = 16.4;
				MTL_ENABLE_DEBUG_INFO = NO;
				MTL_FAST_MATH = YES;
				SDKROOT = iphoneos;
				SWIFT_COMPILATION_MODE = wholemodule;
				SWIFT_OPTIMIZATION_LEVEL = "-O";
				VALIDATE_PRODUCT = YES;
			};
			name = Release;
		};
		5285B7672B4F4ECD006FA29E /* Debug */ = {
			isa = XCBuildConfiguration;
			buildSettings = {
				ASSETCATALOG_COMPILER_APPICON_NAME = AppIcon;
				ASSETCATALOG_COMPILER_GLOBAL_ACCENT_COLOR_NAME = AccentColor;
				CODE_SIGN_STYLE = Automatic;
				CURRENT_PROJECT_VERSION = 1;
				DEVELOPMENT_ASSET_PATHS = "\"Test-driven-app/Preview Content\"";
				DEVELOPMENT_TEAM = RK692GK2JP;
				ENABLE_PREVIEWS = YES;
				GENERATE_INFOPLIST_FILE = YES;
				INFOPLIST_KEY_UIApplicationSceneManifest_Generation = YES;
				INFOPLIST_KEY_UIApplicationSupportsIndirectInputEvents = YES;
				INFOPLIST_KEY_UILaunchScreen_Generation = YES;
				INFOPLIST_KEY_UISupportedInterfaceOrientations_iPad = "UIInterfaceOrientationPortrait UIInterfaceOrientationPortraitUpsideDown UIInterfaceOrientationLandscapeLeft UIInterfaceOrientationLandscapeRight";
				INFOPLIST_KEY_UISupportedInterfaceOrientations_iPhone = "UIInterfaceOrientationPortrait UIInterfaceOrientationLandscapeLeft UIInterfaceOrientationLandscapeRight";
				LD_RUNPATH_SEARCH_PATHS = (
					"$(inherited)",
					"@executable_path/Frameworks",
				);
				MARKETING_VERSION = 1.0;
				PRODUCT_BUNDLE_IDENTIFIER = "com.company.Test-driven-app";
				PRODUCT_NAME = "$(TARGET_NAME)";
				SWIFT_EMIT_LOC_STRINGS = YES;
				SWIFT_VERSION = 5.0;
				TARGETED_DEVICE_FAMILY = "1,2";
			};
			name = Debug;
		};
		5285B7682B4F4ECD006FA29E /* Release */ = {
			isa = XCBuildConfiguration;
			buildSettings = {
				ASSETCATALOG_COMPILER_APPICON_NAME = AppIcon;
				ASSETCATALOG_COMPILER_GLOBAL_ACCENT_COLOR_NAME = AccentColor;
				CODE_SIGN_STYLE = Automatic;
				CURRENT_PROJECT_VERSION = 1;
				DEVELOPMENT_ASSET_PATHS = "\"Test-driven-app/Preview Content\"";
				DEVELOPMENT_TEAM = RK692GK2JP;
				ENABLE_PREVIEWS = YES;
				GENERATE_INFOPLIST_FILE = YES;
				INFOPLIST_KEY_UIApplicationSceneManifest_Generation = YES;
				INFOPLIST_KEY_UIApplicationSupportsIndirectInputEvents = YES;
				INFOPLIST_KEY_UILaunchScreen_Generation = YES;
				INFOPLIST_KEY_UISupportedInterfaceOrientations_iPad = "UIInterfaceOrientationPortrait UIInterfaceOrientationPortraitUpsideDown UIInterfaceOrientationLandscapeLeft UIInterfaceOrientationLandscapeRight";
				INFOPLIST_KEY_UISupportedInterfaceOrientations_iPhone = "UIInterfaceOrientationPortrait UIInterfaceOrientationLandscapeLeft UIInterfaceOrientationLandscapeRight";
				LD_RUNPATH_SEARCH_PATHS = (
					"$(inherited)",
					"@executable_path/Frameworks",
				);
				MARKETING_VERSION = 1.0;
				PRODUCT_BUNDLE_IDENTIFIER = "com.company.Test-driven-app";
				PRODUCT_NAME = "$(TARGET_NAME)";
				SWIFT_EMIT_LOC_STRINGS = YES;
				SWIFT_VERSION = 5.0;
				TARGETED_DEVICE_FAMILY = "1,2";
			};
			name = Release;
		};
		5285B76A2B4F4ECD006FA29E /* Debug */ = {
			isa = XCBuildConfiguration;
			buildSettings = {
				ALWAYS_EMBED_SWIFT_STANDARD_LIBRARIES = YES;
				BUNDLE_LOADER = "$(TEST_HOST)";
				CODE_SIGN_STYLE = Automatic;
				CURRENT_PROJECT_VERSION = 1;
				DEVELOPMENT_TEAM = RK692GK2JP;
				GENERATE_INFOPLIST_FILE = YES;
				IPHONEOS_DEPLOYMENT_TARGET = 16.4;
				MARKETING_VERSION = 1.0;
				PRODUCT_BUNDLE_IDENTIFIER = "com.company.Test-driven-appTests";
				PRODUCT_NAME = "$(TARGET_NAME)";
				SWIFT_EMIT_LOC_STRINGS = NO;
				SWIFT_VERSION = 5.0;
				TARGETED_DEVICE_FAMILY = "1,2";
				TEST_HOST = "$(BUILT_PRODUCTS_DIR)/Test-driven-app.app/$(BUNDLE_EXECUTABLE_FOLDER_PATH)/Test-driven-app";
			};
			name = Debug;
		};
		5285B76B2B4F4ECD006FA29E /* Release */ = {
			isa = XCBuildConfiguration;
			buildSettings = {
				ALWAYS_EMBED_SWIFT_STANDARD_LIBRARIES = YES;
				BUNDLE_LOADER = "$(TEST_HOST)";
				CODE_SIGN_STYLE = Automatic;
				CURRENT_PROJECT_VERSION = 1;
				DEVELOPMENT_TEAM = RK692GK2JP;
				GENERATE_INFOPLIST_FILE = YES;
				IPHONEOS_DEPLOYMENT_TARGET = 16.4;
				MARKETING_VERSION = 1.0;
				PRODUCT_BUNDLE_IDENTIFIER = "com.company.Test-driven-appTests";
				PRODUCT_NAME = "$(TARGET_NAME)";
				SWIFT_EMIT_LOC_STRINGS = NO;
				SWIFT_VERSION = 5.0;
				TARGETED_DEVICE_FAMILY = "1,2";
				TEST_HOST = "$(BUILT_PRODUCTS_DIR)/Test-driven-app.app/$(BUNDLE_EXECUTABLE_FOLDER_PATH)/Test-driven-app";
			};
			name = Release;
		};
		5285B76D2B4F4ECD006FA29E /* Debug */ = {
			isa = XCBuildConfiguration;
			buildSettings = {
				ALWAYS_EMBED_SWIFT_STANDARD_LIBRARIES = YES;
				CODE_SIGN_STYLE = Automatic;
				CURRENT_PROJECT_VERSION = 1;
				DEVELOPMENT_TEAM = RK692GK2JP;
				GENERATE_INFOPLIST_FILE = YES;
				MARKETING_VERSION = 1.0;
				PRODUCT_BUNDLE_IDENTIFIER = "com.company.Test-driven-appUITests";
				PRODUCT_NAME = "$(TARGET_NAME)";
				SWIFT_EMIT_LOC_STRINGS = NO;
				SWIFT_VERSION = 5.0;
				TARGETED_DEVICE_FAMILY = "1,2";
				TEST_TARGET_NAME = "Test-driven-app";
			};
			name = Debug;
		};
		5285B76E2B4F4ECD006FA29E /* Release */ = {
			isa = XCBuildConfiguration;
			buildSettings = {
				ALWAYS_EMBED_SWIFT_STANDARD_LIBRARIES = YES;
				CODE_SIGN_STYLE = Automatic;
				CURRENT_PROJECT_VERSION = 1;
				DEVELOPMENT_TEAM = RK692GK2JP;
				GENERATE_INFOPLIST_FILE = YES;
				MARKETING_VERSION = 1.0;
				PRODUCT_BUNDLE_IDENTIFIER = "com.company.Test-driven-appUITests";
				PRODUCT_NAME = "$(TARGET_NAME)";
				SWIFT_EMIT_LOC_STRINGS = NO;
				SWIFT_VERSION = 5.0;
				TARGETED_DEVICE_FAMILY = "1,2";
				TEST_TARGET_NAME = "Test-driven-app";
			};
			name = Release;
		};
/* End XCBuildConfiguration section */

/* Begin XCConfigurationList section */
		5285B7382B4F4ECB006FA29E /* Build configuration list for PBXProject "Test-driven-app" */ = {
			isa = XCConfigurationList;
			buildConfigurations = (
				5285B7642B4F4ECD006FA29E /* Debug */,
				5285B7652B4F4ECD006FA29E /* Release */,
			);
			defaultConfigurationIsVisible = 0;
			defaultConfigurationName = Release;
		};
		5285B7662B4F4ECD006FA29E /* Build configuration list for PBXNativeTarget "Test-driven-app" */ = {
			isa = XCConfigurationList;
			buildConfigurations = (
				5285B7672B4F4ECD006FA29E /* Debug */,
				5285B7682B4F4ECD006FA29E /* Release */,
			);
			defaultConfigurationIsVisible = 0;
			defaultConfigurationName = Release;
		};
		5285B7692B4F4ECD006FA29E /* Build configuration list for PBXNativeTarget "Test-driven-appTests" */ = {
			isa = XCConfigurationList;
			buildConfigurations = (
				5285B76A2B4F4ECD006FA29E /* Debug */,
				5285B76B2B4F4ECD006FA29E /* Release */,
			);
			defaultConfigurationIsVisible = 0;
			defaultConfigurationName = Release;
		};
		5285B76C2B4F4ECD006FA29E /* Build configuration list for PBXNativeTarget "Test-driven-appUITests" */ = {
			isa = XCConfigurationList;
			buildConfigurations = (
				5285B76D2B4F4ECD006FA29E /* Debug */,
				5285B76E2B4F4ECD006FA29E /* Release */,
			);
			defaultConfigurationIsVisible = 0;
			defaultConfigurationName = Release;
		};
/* End XCConfigurationList section */

/* Begin XCVersionGroup section */
		5285B74B2B4F4ECD006FA29E /* Test_driven_app.xcdatamodeld */ = {
			isa = XCVersionGroup;
			children = (
				5285B74C2B4F4ECD006FA29E /* Test_driven_app.xcdatamodel */,
			);
			currentVersion = 5285B74C2B4F4ECD006FA29E /* Test_driven_app.xcdatamodel */;
			path = Test_driven_app.xcdatamodeld;
			sourceTree = "<group>";
			versionGroupType = wrapper.xcdatamodel;
		};
/* End XCVersionGroup section */
	};
	rootObject = 5285B7352B4F4ECB006FA29E /* Project object */;
}
